// !$*UTF8*$!
{
	archiveVersion = 1;
	classes = {
	};
	objectVersion = 56;
	objects = {

/* Begin PBXBuildFile section */
		0690107A2B72F84200B6D701 /* ProgressBar.swift in Sources */ = {isa = PBXBuildFile; fileRef = 069010792B72F84200B6D701 /* ProgressBar.swift */; };
		0A0D2DF32B71F17900218DCC /* aireView.swift in Sources */ = {isa = PBXBuildFile; fileRef = 0A0D2DF22B71F17900218DCC /* aireView.swift */; };
		0A5A367D2B72FF58008BEDDE /* AireViewDef.swift in Sources */ = {isa = PBXBuildFile; fileRef = 0A5A367C2B72FF58008BEDDE /* AireViewDef.swift */; };
		0A5A36812B730332008BEDDE /* AnswerRow.swift in Sources */ = {isa = PBXBuildFile; fileRef = 0A5A36802B730332008BEDDE /* AnswerRow.swift */; };
		0A5A36832B7303A0008BEDDE /* Answer.swift in Sources */ = {isa = PBXBuildFile; fileRef = 0A5A36822B7303A0008BEDDE /* Answer.swift */; };
		0A806CBE2B7163F0004D9CB4 /* AppDelegate.swift in Sources */ = {isa = PBXBuildFile; fileRef = 0A806CBD2B7163F0004D9CB4 /* AppDelegate.swift */; };
		0A806CC02B7163F0004D9CB4 /* ContentView.swift in Sources */ = {isa = PBXBuildFile; fileRef = 0A806CBF2B7163F0004D9CB4 /* ContentView.swift */; };
		0A806CC22B7163F2004D9CB4 /* Assets.xcassets in Resources */ = {isa = PBXBuildFile; fileRef = 0A806CC12B7163F2004D9CB4 /* Assets.xcassets */; };
		0A806CC52B7163F2004D9CB4 /* Preview Assets.xcassets in Resources */ = {isa = PBXBuildFile; fileRef = 0A806CC42B7163F2004D9CB4 /* Preview Assets.xcassets */; };
		0AA13C562B72B4E4004D913B /* ViewRouter.swift in Sources */ = {isa = PBXBuildFile; fileRef = 0AA13C552B72B4E4004D913B /* ViewRouter.swift */; };
/* End PBXBuildFile section */

/* Begin PBXFileReference section */
		069010792B72F84200B6D701 /* ProgressBar.swift */ = {isa = PBXFileReference; fileEncoding = 4; lastKnownFileType = sourcecode.swift; path = ProgressBar.swift; sourceTree = "<group>"; };
		0A0D2DF22B71F17900218DCC /* aireView.swift */ = {isa = PBXFileReference; lastKnownFileType = sourcecode.swift; path = aireView.swift; sourceTree = "<group>"; };
		0A5A367C2B72FF58008BEDDE /* AireViewDef.swift */ = {isa = PBXFileReference; lastKnownFileType = sourcecode.swift; path = AireViewDef.swift; sourceTree = "<group>"; };
		0A5A36802B730332008BEDDE /* AnswerRow.swift */ = {isa = PBXFileReference; lastKnownFileType = sourcecode.swift; path = AnswerRow.swift; sourceTree = "<group>"; };
		0A5A36822B7303A0008BEDDE /* Answer.swift */ = {isa = PBXFileReference; lastKnownFileType = sourcecode.swift; path = Answer.swift; sourceTree = "<group>"; };
		0A806CBA2B7163F0004D9CB4 /* Eco-Race.app */ = {isa = PBXFileReference; explicitFileType = wrapper.application; includeInIndex = 0; path = "Eco-Race.app"; sourceTree = BUILT_PRODUCTS_DIR; };
		0A806CBD2B7163F0004D9CB4 /* AppDelegate.swift */ = {isa = PBXFileReference; lastKnownFileType = sourcecode.swift; path = AppDelegate.swift; sourceTree = "<group>"; };
		0A806CBF2B7163F0004D9CB4 /* ContentView.swift */ = {isa = PBXFileReference; lastKnownFileType = sourcecode.swift; path = ContentView.swift; sourceTree = "<group>"; };
		0A806CC12B7163F2004D9CB4 /* Assets.xcassets */ = {isa = PBXFileReference; lastKnownFileType = folder.assetcatalog; path = Assets.xcassets; sourceTree = "<group>"; };
		0A806CC42B7163F2004D9CB4 /* Preview Assets.xcassets */ = {isa = PBXFileReference; lastKnownFileType = folder.assetcatalog; path = "Preview Assets.xcassets"; sourceTree = "<group>"; };
		0AA13C552B72B4E4004D913B /* ViewRouter.swift */ = {isa = PBXFileReference; lastKnownFileType = sourcecode.swift; path = ViewRouter.swift; sourceTree = "<group>"; };
/* End PBXFileReference section */

/* Begin PBXFrameworksBuildPhase section */
		0A806CB72B7163F0004D9CB4 /* Frameworks */ = {
			isa = PBXFrameworksBuildPhase;
			buildActionMask = 2147483647;
			files = (
			);
			runOnlyForDeploymentPostprocessing = 0;
		};
/* End PBXFrameworksBuildPhase section */

/* Begin PBXGroup section */
		0A806CB12B7163F0004D9CB4 = {
			isa = PBXGroup;
			children = (
				0A5A36802B730332008BEDDE /* AnswerRow.swift */,
				0A5A36822B7303A0008BEDDE /* Answer.swift */,
				0A806CBC2B7163F0004D9CB4 /* Eco-Race */,
				0A806CBB2B7163F0004D9CB4 /* Products */,
			);
			sourceTree = "<group>";
		};
		0A806CBB2B7163F0004D9CB4 /* Products */ = {
			isa = PBXGroup;
			children = (
				0A806CBA2B7163F0004D9CB4 /* Eco-Race.app */,
			);
			name = Products;
			sourceTree = "<group>";
		};
		0A806CBC2B7163F0004D9CB4 /* Eco-Race */ = {
			isa = PBXGroup;
			children = (
				0A806CBD2B7163F0004D9CB4 /* AppDelegate.swift */,
				0A806CBF2B7163F0004D9CB4 /* ContentView.swift */,
				0A0D2DF22B71F17900218DCC /* aireView.swift */,
				0A5A367C2B72FF58008BEDDE /* AireViewDef.swift */,
				0AA13C552B72B4E4004D913B /* ViewRouter.swift */,
				069010792B72F84200B6D701 /* ProgressBar.swift */,
				0A806CC12B7163F2004D9CB4 /* Assets.xcassets */,
				0A806CC32B7163F2004D9CB4 /* Preview Content */,
			);
			path = "Eco-Race";
			sourceTree = "<group>";
		};
		0A806CC32B7163F2004D9CB4 /* Preview Content */ = {
			isa = PBXGroup;
			children = (
				0A806CC42B7163F2004D9CB4 /* Preview Assets.xcassets */,
			);
			path = "Preview Content";
			sourceTree = "<group>";
		};
/* End PBXGroup section */

/* Begin PBXNativeTarget section */
		0A806CB92B7163F0004D9CB4 /* Eco-Race */ = {
			isa = PBXNativeTarget;
			buildConfigurationList = 0A806CC82B7163F2004D9CB4 /* Build configuration list for PBXNativeTarget "Eco-Race" */;
			buildPhases = (
				0A806CB62B7163F0004D9CB4 /* Sources */,
				0A806CB72B7163F0004D9CB4 /* Frameworks */,
				0A806CB82B7163F0004D9CB4 /* Resources */,
			);
			buildRules = (
			);
			dependencies = (
			);
			name = "Eco-Race";
			productName = "Eco-Race";
			productReference = 0A806CBA2B7163F0004D9CB4 /* Eco-Race.app */;
			productType = "com.apple.product-type.application";
		};
/* End PBXNativeTarget section */

/* Begin PBXProject section */
		0A806CB22B7163F0004D9CB4 /* Project object */ = {
			isa = PBXProject;
			attributes = {
				BuildIndependentTargetsInParallel = 1;
				LastSwiftUpdateCheck = 1520;
				LastUpgradeCheck = 1520;
				TargetAttributes = {
					0A806CB92B7163F0004D9CB4 = {
						CreatedOnToolsVersion = 15.2;
					};
				};
			};
			buildConfigurationList = 0A806CB52B7163F0004D9CB4 /* Build configuration list for PBXProject "Eco-Race" */;
			compatibilityVersion = "Xcode 14.0";
			developmentRegion = en;
			hasScannedForEncodings = 0;
			knownRegions = (
				en,
				Base,
			);
			mainGroup = 0A806CB12B7163F0004D9CB4;
			productRefGroup = 0A806CBB2B7163F0004D9CB4 /* Products */;
			projectDirPath = "";
			projectRoot = "";
			targets = (
				0A806CB92B7163F0004D9CB4 /* Eco-Race */,
			);
		};
/* End PBXProject section */

/* Begin PBXResourcesBuildPhase section */
		0A806CB82B7163F0004D9CB4 /* Resources */ = {
			isa = PBXResourcesBuildPhase;
			buildActionMask = 2147483647;
			files = (
				0A806CC52B7163F2004D9CB4 /* Preview Assets.xcassets in Resources */,
				0A806CC22B7163F2004D9CB4 /* Assets.xcassets in Resources */,
			);
			runOnlyForDeploymentPostprocessing = 0;
		};
/* End PBXResourcesBuildPhase section */

/* Begin PBXSourcesBuildPhase section */
		0A806CB62B7163F0004D9CB4 /* Sources */ = {
			isa = PBXSourcesBuildPhase;
			buildActionMask = 2147483647;
			files = (
				0A0D2DF32B71F17900218DCC /* aireView.swift in Sources */,
				0A5A367D2B72FF58008BEDDE /* AireViewDef.swift in Sources */,
				0A806CC02B7163F0004D9CB4 /* ContentView.swift in Sources */,
				0A806CBE2B7163F0004D9CB4 /* AppDelegate.swift in Sources */,
				0A5A36812B730332008BEDDE /* AnswerRow.swift in Sources */,
				0690107A2B72F84200B6D701 /* ProgressBar.swift in Sources */,
				0AA13C562B72B4E4004D913B /* ViewRouter.swift in Sources */,
				0A5A36832B7303A0008BEDDE /* Answer.swift in Sources */,
			);
			runOnlyForDeploymentPostprocessing = 0;
		};
/* End PBXSourcesBuildPhase section */

/* Begin XCBuildConfiguration section */
		0A806CC62B7163F2004D9CB4 /* Debug */ = {
			isa = XCBuildConfiguration;
			buildSettings = {
				ALWAYS_SEARCH_USER_PATHS = NO;
				ASSETCATALOG_COMPILER_GENERATE_SWIFT_ASSET_SYMBOL_EXTENSIONS = YES;
				CLANG_ANALYZER_NONNULL = YES;
				CLANG_ANALYZER_NUMBER_OBJECT_CONVERSION = YES_AGGRESSIVE;
				CLANG_CXX_LANGUAGE_STANDARD = "gnu++20";
				CLANG_ENABLE_MODULES = YES;
				CLANG_ENABLE_OBJC_ARC = YES;
				CLANG_ENABLE_OBJC_WEAK = YES;
				CLANG_WARN_BLOCK_CAPTURE_AUTORELEASING = YES;
				CLANG_WARN_BOOL_CONVERSION = YES;
				CLANG_WARN_COMMA = YES;
				CLANG_WARN_CONSTANT_CONVERSION = YES;
				CLANG_WARN_DEPRECATED_OBJC_IMPLEMENTATIONS = YES;
				CLANG_WARN_DIRECT_OBJC_ISA_USAGE = YES_ERROR;
				CLANG_WARN_DOCUMENTATION_COMMENTS = YES;
				CLANG_WARN_EMPTY_BODY = YES;
				CLANG_WARN_ENUM_CONVERSION = YES;
				CLANG_WARN_INFINITE_RECURSION = YES;
				CLANG_WARN_INT_CONVERSION = YES;
				CLANG_WARN_NON_LITERAL_NULL_CONVERSION = YES;
				CLANG_WARN_OBJC_IMPLICIT_RETAIN_SELF = YES;
				CLANG_WARN_OBJC_LITERAL_CONVERSION = YES;
				CLANG_WARN_OBJC_ROOT_CLASS = YES_ERROR;
				CLANG_WARN_QUOTED_INCLUDE_IN_FRAMEWORK_HEADER = YES;
				CLANG_WARN_RANGE_LOOP_ANALYSIS = YES;
				CLANG_WARN_STRICT_PROTOTYPES = YES;
				CLANG_WARN_SUSPICIOUS_MOVE = YES;
				CLANG_WARN_UNGUARDED_AVAILABILITY = YES_AGGRESSIVE;
				CLANG_WARN_UNREACHABLE_CODE = YES;
				CLANG_WARN__DUPLICATE_METHOD_MATCH = YES;
				COPY_PHASE_STRIP = NO;
				DEBUG_INFORMATION_FORMAT = dwarf;
				ENABLE_STRICT_OBJC_MSGSEND = YES;
				ENABLE_TESTABILITY = YES;
				ENABLE_USER_SCRIPT_SANDBOXING = YES;
				GCC_C_LANGUAGE_STANDARD = gnu17;
				GCC_DYNAMIC_NO_PIC = NO;
				GCC_NO_COMMON_BLOCKS = YES;
				GCC_OPTIMIZATION_LEVEL = 0;
				GCC_PREPROCESSOR_DEFINITIONS = (
					"DEBUG=1",
					"$(inherited)",
				);
				GCC_WARN_64_TO_32_BIT_CONVERSION = YES;
				GCC_WARN_ABOUT_RETURN_TYPE = YES_ERROR;
				GCC_WARN_UNDECLARED_SELECTOR = YES;
				GCC_WARN_UNINITIALIZED_AUTOS = YES_AGGRESSIVE;
				GCC_WARN_UNUSED_FUNCTION = YES;
				GCC_WARN_UNUSED_VARIABLE = YES;
				IPHONEOS_DEPLOYMENT_TARGET = 17.2;
				LOCALIZATION_PREFERS_STRING_CATALOGS = YES;
				MTL_ENABLE_DEBUG_INFO = INCLUDE_SOURCE;
				MTL_FAST_MATH = YES;
				ONLY_ACTIVE_ARCH = YES;
				SDKROOT = iphoneos;
				SWIFT_ACTIVE_COMPILATION_CONDITIONS = "DEBUG $(inherited)";
				SWIFT_OPTIMIZATION_LEVEL = "-Onone";
			};
			name = Debug;
		};
		0A806CC72B7163F2004D9CB4 /* Release */ = {
			isa = XCBuildConfiguration;
			buildSettings = {
				ALWAYS_SEARCH_USER_PATHS = NO;
				ASSETCATALOG_COMPILER_GENERATE_SWIFT_ASSET_SYMBOL_EXTENSIONS = YES;
				CLANG_ANALYZER_NONNULL = YES;
				CLANG_ANALYZER_NUMBER_OBJECT_CONVERSION = YES_AGGRESSIVE;
				CLANG_CXX_LANGUAGE_STANDARD = "gnu++20";
				CLANG_ENABLE_MODULES = YES;
				CLANG_ENABLE_OBJC_ARC = YES;
				CLANG_ENABLE_OBJC_WEAK = YES;
				CLANG_WARN_BLOCK_CAPTURE_AUTORELEASING = YES;
				CLANG_WARN_BOOL_CONVERSION = YES;
				CLANG_WARN_COMMA = YES;
				CLANG_WARN_CONSTANT_CONVERSION = YES;
				CLANG_WARN_DEPRECATED_OBJC_IMPLEMENTATIONS = YES;
				CLANG_WARN_DIRECT_OBJC_ISA_USAGE = YES_ERROR;
				CLANG_WARN_DOCUMENTATION_COMMENTS = YES;
				CLANG_WARN_EMPTY_BODY = YES;
				CLANG_WARN_ENUM_CONVERSION = YES;
				CLANG_WARN_INFINITE_RECURSION = YES;
				CLANG_WARN_INT_CONVERSION = YES;
				CLANG_WARN_NON_LITERAL_NULL_CONVERSION = YES;
				CLANG_WARN_OBJC_IMPLICIT_RETAIN_SELF = YES;
				CLANG_WARN_OBJC_LITERAL_CONVERSION = YES;
				CLANG_WARN_OBJC_ROOT_CLASS = YES_ERROR;
				CLANG_WARN_QUOTED_INCLUDE_IN_FRAMEWORK_HEADER = YES;
				CLANG_WARN_RANGE_LOOP_ANALYSIS = YES;
				CLANG_WARN_STRICT_PROTOTYPES = YES;
				CLANG_WARN_SUSPICIOUS_MOVE = YES;
				CLANG_WARN_UNGUARDED_AVAILABILITY = YES_AGGRESSIVE;
				CLANG_WARN_UNREACHABLE_CODE = YES;
				CLANG_WARN__DUPLICATE_METHOD_MATCH = YES;
				COPY_PHASE_STRIP = NO;
				DEBUG_INFORMATION_FORMAT = "dwarf-with-dsym";
				ENABLE_NS_ASSERTIONS = NO;
				ENABLE_STRICT_OBJC_MSGSEND = YES;
				ENABLE_USER_SCRIPT_SANDBOXING = YES;
				GCC_C_LANGUAGE_STANDARD = gnu17;
				GCC_NO_COMMON_BLOCKS = YES;
				GCC_WARN_64_TO_32_BIT_CONVERSION = YES;
				GCC_WARN_ABOUT_RETURN_TYPE = YES_ERROR;
				GCC_WARN_UNDECLARED_SELECTOR = YES;
				GCC_WARN_UNINITIALIZED_AUTOS = YES_AGGRESSIVE;
				GCC_WARN_UNUSED_FUNCTION = YES;
				GCC_WARN_UNUSED_VARIABLE = YES;
				IPHONEOS_DEPLOYMENT_TARGET = 17.2;
				LOCALIZATION_PREFERS_STRING_CATALOGS = YES;
				MTL_ENABLE_DEBUG_INFO = NO;
				MTL_FAST_MATH = YES;
				SDKROOT = iphoneos;
				SWIFT_COMPILATION_MODE = wholemodule;
				VALIDATE_PRODUCT = YES;
			};
			name = Release;
		};
		0A806CC92B7163F2004D9CB4 /* Debug */ = {
			isa = XCBuildConfiguration;
			buildSettings = {
				ASSETCATALOG_COMPILER_APPICON_NAME = AppIcon;
				ASSETCATALOG_COMPILER_GLOBAL_ACCENT_COLOR_NAME = AccentColor;
				CODE_SIGN_STYLE = Automatic;
				CURRENT_PROJECT_VERSION = 1;
				DEVELOPMENT_ASSET_PATHS = "\"Eco-Race/Preview Content\"";
				DEVELOPMENT_TEAM = 79GPSAZAPX;
				ENABLE_PREVIEWS = YES;
				GENERATE_INFOPLIST_FILE = YES;
				INFOPLIST_KEY_NSCameraUsageDescription = "";
				INFOPLIST_KEY_UIApplicationSupportsIndirectInputEvents = YES;
				INFOPLIST_KEY_UILaunchScreen_Generation = YES;
				INFOPLIST_KEY_UIRequiredDeviceCapabilities = arkit;
				INFOPLIST_KEY_UIStatusBarHidden = YES;
				INFOPLIST_KEY_UISupportedInterfaceOrientations_iPad = "UIInterfaceOrientationPortrait UIInterfaceOrientationPortraitUpsideDown UIInterfaceOrientationLandscapeLeft UIInterfaceOrientationLandscapeRight";
				INFOPLIST_KEY_UISupportedInterfaceOrientations_iPhone = "UIInterfaceOrientationPortrait UIInterfaceOrientationLandscapeLeft UIInterfaceOrientationLandscapeRight";
				INFOPLIST_KEY_UIUserInterfaceStyle = Dark;
				LD_RUNPATH_SEARCH_PATHS = (
					"$(inherited)",
					"@executable_path/Frameworks",
				);
				MARKETING_VERSION = 1.0;
				PRODUCT_BUNDLE_IDENTIFIER = "com.up-0258008.Eco-Race";
				PRODUCT_NAME = "$(TARGET_NAME)";
				SWIFT_EMIT_LOC_STRINGS = YES;
				SWIFT_VERSION = 5.0;
				TARGETED_DEVICE_FAMILY = "1,2";
			};
			name = Debug;
		};
		0A806CCA2B7163F2004D9CB4 /* Release */ = {
			isa = XCBuildConfiguration;
			buildSettings = {
				ASSETCATALOG_COMPILER_APPICON_NAME = AppIcon;
				ASSETCATALOG_COMPILER_GLOBAL_ACCENT_COLOR_NAME = AccentColor;
				CODE_SIGN_STYLE = Automatic;
				CURRENT_PROJECT_VERSION = 1;
				DEVELOPMENT_ASSET_PATHS = "\"Eco-Race/Preview Content\"";
				DEVELOPMENT_TEAM = 79GPSAZAPX;
				ENABLE_PREVIEWS = YES;
				GENERATE_INFOPLIST_FILE = YES;
				INFOPLIST_KEY_NSCameraUsageDescription = "";
				INFOPLIST_KEY_UIApplicationSupportsIndirectInputEvents = YES;
				INFOPLIST_KEY_UILaunchScreen_Generation = YES;
				INFOPLIST_KEY_UIRequiredDeviceCapabilities = arkit;
				INFOPLIST_KEY_UIStatusBarHidden = YES;
				INFOPLIST_KEY_UISupportedInterfaceOrientations_iPad = "UIInterfaceOrientationPortrait UIInterfaceOrientationPortraitUpsideDown UIInterfaceOrientationLandscapeLeft UIInterfaceOrientationLandscapeRight";
				INFOPLIST_KEY_UISupportedInterfaceOrientations_iPhone = "UIInterfaceOrientationPortrait UIInterfaceOrientationLandscapeLeft UIInterfaceOrientationLandscapeRight";
				INFOPLIST_KEY_UIUserInterfaceStyle = Dark;
				LD_RUNPATH_SEARCH_PATHS = (
					"$(inherited)",
					"@executable_path/Frameworks",
				);
				MARKETING_VERSION = 1.0;
				PRODUCT_BUNDLE_IDENTIFIER = "com.up-0258008.Eco-Race";
				PRODUCT_NAME = "$(TARGET_NAME)";
				SWIFT_EMIT_LOC_STRINGS = YES;
				SWIFT_VERSION = 5.0;
				TARGETED_DEVICE_FAMILY = "1,2";
			};
			name = Release;
		};
/* End XCBuildConfiguration section */

/* Begin XCConfigurationList section */
		0A806CB52B7163F0004D9CB4 /* Build configuration list for PBXProject "Eco-Race" */ = {
			isa = XCConfigurationList;
			buildConfigurations = (
				0A806CC62B7163F2004D9CB4 /* Debug */,
				0A806CC72B7163F2004D9CB4 /* Release */,
			);
			defaultConfigurationIsVisible = 0;
			defaultConfigurationName = Release;
		};
		0A806CC82B7163F2004D9CB4 /* Build configuration list for PBXNativeTarget "Eco-Race" */ = {
			isa = XCConfigurationList;
			buildConfigurations = (
				0A806CC92B7163F2004D9CB4 /* Debug */,
				0A806CCA2B7163F2004D9CB4 /* Release */,
			);
			defaultConfigurationIsVisible = 0;
			defaultConfigurationName = Release;
		};
/* End XCConfigurationList section */
	};
	rootObject = 0A806CB22B7163F0004D9CB4 /* Project object */;
}
